cloud.google.com/go v0.25.0 h1:6vD6xZTc8Jo6To8gHxFDRVsMvWFDgY3rugNszcDalN8=
cloud.google.com/go v0.25.0/go.mod h1:aQUYkXzVsufM+DwF1aE+0xfcU+56JwCaLick0ClmMTw=
github.com/Azure/azure-sdk-for-go v19.1.1+incompatible h1:0nNLU6QNN8FGd3FCQa2e8LAtB3THCJ24aOZ4KbA4Jtk=
github.com/Azure/azure-sdk-for-go v19.1.1+incompatible/go.mod h1:9XXNKU+eRnpl9moKnB4QOLf1HestfXbmab5FXxiDBjc=
github.com/Azure/go-autorest v10.15.5+incompatible h1:vdxx6wM1rVkKt/3niByPVjguoLWkWImOcJNvEykgBzY=
github.com/Azure/go-autorest v10.15.5+incompatible/go.mod h1:r+4oMnoxhatjLLJ6zxSWATqVooLgysK6ZNox3g/xq24=
github.com/BurntSushi/toml v0.3.1/go.mod h1:xHWCNGjB5oqiDr8zfno3MHue2Ht5sIBksp03qcyfWMU=
github.com/Microsoft/go-winio v0.4.14 h1:+hMXMk01us9KgxGb7ftKQt2Xpf5hH/yky+TDA+qxleU=
github.com/Microsoft/go-winio v0.4.14/go.mod h1:qXqCSQ3Xa7+6tgxaGTIe4Kpcdsi+P8jBhyzoq1bpyYA=
github.com/armon/consul-api v0.0.0-20180202201655-eb2c6b5be1b6/go.mod h1:grANhF5doyWs3UAsr3K4I6qtAmlQcZDesFNEHPZAzj8=
github.com/aws/aws-sdk-go v1.15.90 h1:W8qBrxaKIK6nPqO/UUDcjgokmS9wJQ45D273clpoBA4=
github.com/aws/aws-sdk-go v1.15.90/go.mod h1:es1KtYUFs7le0xQ3rOihkuoVD90z7D0fR2Qm4S00/gU=
github.com/coreos/etcd v3.3.10+incompatible/go.mod h1:uF7uidLiAD3TWHmW31ZFd/JWoc32PjwdhPthX9715RE=
github.com/coreos/go-etcd v2.0.0+incompatible/go.mod h1:Jez6KQU2B/sWsbdaef3ED8NzMklzPG4d5KIOhIy30Tk=
github.com/coreos/go-semver v0.2.0/go.mod h1:nnelYz7RCh+5ahJtPPxZlU+153eP4D4r3EedlOD2RNk=
github.com/cpuguy83/go-md2man v1.0.10 h1:BSKMNlYxDvnunlTymqtgONjNnaRV1sTpcovwwjF22jk=
github.com/cpuguy83/go-md2man v1.0.10/go.mod h1:SmD6nW6nTyfqj6ABTjUi3V3JVMnlJmwcJI5acqYI6dE=
github.com/davecgh/go-spew v1.1.0 h1:ZDRjVQ15GmhC3fiQ8ni8+OwkZQO4DARzQgrnXU1Liz8=
github.com/davecgh/go-spew v1.1.0/go.mod h1:J7Y8YcW2NihsgmVo/mv3lAwl/skON4iLHjSsI+c5H38=
github.com/davecgh/go-spew v1.1.1 h1:vj9j/u1bqnvCEfJOwUhtlOARqs3+rkHYY13jYWTU97c=
github.com/davecgh/go-spew v1.1.1/go.mod h1:J7Y8YcW2NihsgmVo/mv3lAwl/skON4iLHjSsI+c5H38=
github.com/dgrijalva/jwt-go v3.2.0+incompatible h1:7qlOGliEKZXTDg6OTjfoBKDXWrumCAMpl/TFQ4/5kLM=
github.com/dgrijalva/jwt-go v3.2.0+incompatible/go.mod h1:E3ru+11k8xSBh+hMPgOLZmtrrCbhqsmaPHjLKYnJCaQ=
github.com/docker/distribution v2.6.0-rc.1.0.20180327202408-83389a148052+incompatible h1:W1rhCpxfWMU0CaZSFWpmWfmB68zYZVksig+VC1ZbgI4=
github.com/docker/distribution v2.6.0-rc.1.0.20180327202408-83389a148052+incompatible/go.mod h1:J2gT2udsDAN96Uj4KfcMRqY0/ypR+oyYUYmja8H+y+w=
github.com/docker/docker v1.4.2-0.20180531152204-71cd53e4a197 h1:7X3lPJrEEhoUt1UnISqyUB4phKf9aAKVMdFXD63DJO8=
github.com/docker/docker v1.4.2-0.20180531152204-71cd53e4a197/go.mod h1:eEKB0N0r5NX/I1kEveEz05bcu8tLC/8azJZsviup8Sk=
github.com/docker/go-connections v0.4.0 h1:El9xVISelRB7BuFusrZozjnkIM5YnzCViNKohAFqRJQ=
github.com/docker/go-connections v0.4.0/go.mod h1:Gbd7IOopHjR8Iph03tsViu4nIes5XhDvyHbTtUxmeec=
github.com/docker/go-units v0.3.3 h1:Xk8S3Xj5sLGlG5g67hJmYMmUgXv5N4PhkjJHHqrwnTk=
github.com/docker/go-units v0.3.3/go.mod h1:fgPhTUdO+D/Jk86RDLlptpiXQzgHJF7gydDDbaIK4Dk=
github.com/fsnotify/fsnotify v1.4.7 h1:IXs+QLmnXW2CcXuY+8Mzv/fWEsPGWxqefPtCP5CnV9I=
github.com/fsnotify/fsnotify v1.4.7/go.mod h1:jwhsz4b93w/PPRr/qN1Yymfu8t87LnFCMoQvtojpjFo=
github.com/ghodss/yaml v1.0.0 h1:wQHKEahhL6wmXdzwWG11gIVCkOv05bNOh+Rxn0yngAk=
github.com/ghodss/yaml v1.0.0/go.mod h1:4dBDuWmgqj2HViK6kFavaiC9ZROes6MMH2rRYeMEF04=
github.com/gogo/protobuf v1.1.1 h1:72R+M5VuhED/KujmZVcIquuo8mBgX4oVda//DQb3PXo=
github.com/gogo/protobuf v1.1.1/go.mod h1:r8qH/GZQm5c6nD/R0oafs1akxWv10x8SbQlK7atdtwQ=
github.com/golang/glog v0.0.0-20160126235308-23def4e6c14b h1:VKtxabqXZkF25pY9ekfRL6a582T4P37/31XEstQ5p58=
github.com/golang/glog v0.0.0-20160126235308-23def4e6c14b/go.mod h1:SBH7ygxi8pfUlaOkMMuAQtPIUF8ecWP5IEl/CR7VP2Q=
github.com/golang/protobuf v1.2.0 h1:P3YflyNX/ehuJFLhxviNdFxQPkGK5cDcApsge1SqnvM=
github.com/golang/protobuf v1.2.0/go.mod h1:6lQm79b+lXiMfvg/cZm0SGofjICqVBUtrP5yJMmIC1U=
github.com/google/btree v0.0.0-20180124185431-e89373fe6b4a h1:ZJu5NB1Bk5ms4vw0Xu4i+jD32SE9jQXyfnOvwhHqlT0=
github.com/google/btree v0.0.0-20180124185431-e89373fe6b4a/go.mod h1:lNA+9X1NB3Zf8V7Ke586lFgjr2dZNuvo3lPJSGZ5JPQ=
github.com/google/go-cmp v0.2.0 h1:+dTQ8DZQJz0Mb/HjFlkptS1FeQ4cWSnN941F8aEG4SQ=
github.com/google/go-cmp v0.2.0/go.mod h1:oXzfMopK8JAjlY9xF4vHSVASa0yLyX7SntLO5aqRK0M=
github.com/google/gofuzz v0.0.0-20170612174753-24818f796faf h1:+RRA9JqSOZFfKrOeqr2z77+8R2RKyh8PG66dcu1V0ck=
github.com/google/gofuzz v0.0.0-20170612174753-24818f796faf/go.mod h1:HP5RmnzzSNb993RKQDq4+1A4ia9nllfqcQFTQJedwGI=
github.com/googleapis/gnostic v0.2.2 h1:DcFegQ7+ECdmkJMfVwWlC+89I4esJ7p8nkGt9ainGDk=
github.com/googleapis/gnostic v0.2.2/go.mod h1:sJBsCZ4ayReDTBIg8b9dl28c5xFWyhBTVRp3pOg5EKY=
github.com/gotestyourself/gotestyourself v2.2.0+incompatible h1:AQwinXlbQR2HvPjQZOmDhRqsv5mZf+Jb1RnSLxcqZcI=
github.com/gotestyourself/gotestyourself v2.2.0+incompatible/go.mod h1:zZKM6oeNM8k+FRljX1mnzVYeS8wiGgQyvST1/GafPbY=
github.com/gregjones/httpcache v0.0.0-20180305231024-9cad4c3443a7 h1:pdN6V1QBWetyv/0+wjACpqVH+eVULgEjkurDLq3goeM=
github.com/gregjones/httpcache v0.0.0-20180305231024-9cad4c3443a7/go.mod h1:FecbI9+v66THATjSRHfNgh1IVFe/9kFxbXtjV0ctIMA=
github.com/hashicorp/hcl v1.0.0/go.mod h1:E5yfLk+7swimpb2L/Alb/PJmXilQ/rhwaUYs4T20WEQ=
github.com/hpcloud/tail v1.0.0 h1:nfCOvKYfkgYP8hkirhJocXT2+zOD8yUNjXaWfTlyFKI=
github.com/hpcloud/tail v1.0.0/go.mod h1:ab1qPbhIpdTxEkNHXyeSf5vhxWSCs/tWer42PpOxQnU=
github.com/inconshreveable/mousetrap v1.0.0 h1:Z8tu5sraLXCXIcARxBp/8cbvlwVa7Z1NHg9XEKhtSvM=
github.com/inconshreveable/mousetrap v1.0.0/go.mod h1:PxqpIevigyE2G7u3NXJIT2ANytuPF1OarO4DADm73n8=
github.com/jmespath/go-jmespath v0.0.0-20160202185014-0b12d6b521d8 h1:12VvqtR6Aowv3l/EQUlocDHW2Cp4G9WJVH7uyH8QFJE=
github.com/jmespath/go-jmespath v0.0.0-20160202185014-0b12d6b521d8/go.mod h1:Nht3zPeWKUH0NzdCt2Blrr5ys8VGpn0CEB0cQHVjt7k=
github.com/json-iterator/go v0.0.0-20180701071628-ab8a2e0c74be h1:AHimNtVIpiBjPUhEF5KNCkrUyqTSA5zWUl8sQ2bfGBE=
github.com/json-iterator/go v0.0.0-20180701071628-ab8a2e0c74be/go.mod h1:+SdeFBvtyEkXs7REEP0seUULqWtbJapLOCVDaaPEHmU=
github.com/konsorten/go-windows-terminal-sequences v1.0.1/go.mod h1:T0+1ngSBFLxvqU3pZ+m/2kptfBszLMUkC4ZK/EgS/cQ=
github.com/magiconair/properties v1.8.0/go.mod h1:PppfXfuXeibc/6YijjN8zIbojt8czPbwD3XqdrwzmxQ=
github.com/mitchellh/go-homedir v1.1.0/go.mod h1:SfyaCUpYCn1Vlf4IUYiD9fPX4A5wJrkLzIz1N1q0pr0=
github.com/mitchellh/mapstructure v1.1.2/go.mod h1:FVVH3fgwuzCH5S8UJGiWEs2h04kUh9fWfEaFds41c1Y=
github.com/modern-go/concurrent v0.0.0-20180306012644-bacd9c7ef1dd h1:TRLaZ9cD/w8PVh93nsPXa1VrQ6jlwL5oN8l14QlcNfg=
github.com/modern-go/concurrent v0.0.0-20180306012644-bacd9c7ef1dd/go.mod h1:6dJC0mAP4ikYIbvyc7fijjWJddQyLn8Ig3JB5CqoB9Q=
github.com/modern-go/reflect2 v0.0.0-20180701023420-4b7aa43c6742 h1:Esafd1046DLDQ0W1YjYsBW+p8U2u7vzgW2SQVmlNazg=
github.com/modern-go/reflect2 v0.0.0-20180701023420-4b7aa43c6742/go.mod h1:bx2lNnkwVCuqBIxFjflWJWanXIb3RllmbCylyMrvgv0=
github.com/onsi/ginkgo v1.6.0/go.mod h1:lLunBs/Ym6LB5Z9jYTR76FiuTmxDTDusOGeTQH+WWjE=
github.com/onsi/ginkgo v1.10.1 h1:q/mM8GF/n0shIN8SaAZ0V+jnLPzen6WIVZdiwrRlMlo=
github.com/onsi/ginkgo v1.10.1/go.mod h1:lLunBs/Ym6LB5Z9jYTR76FiuTmxDTDusOGeTQH+WWjE=
github.com/onsi/gomega v1.7.0 h1:XPnZz8VVBHjVsy1vzJmRwIcSwiUO+JFfrv/xGiigmME=
github.com/onsi/gomega v1.7.0/go.mod h1:ex+gbHU/CVuBBDIJjb2X0qEXbFg53c61hWP/1CpauHY=
github.com/opencontainers/go-digest v1.0.0-rc1 h1:WzifXhOVOEOuFYOJAW6aQqW0TooG2iki3E3Ii+WN7gQ=
github.com/opencontainers/go-digest v1.0.0-rc1/go.mod h1:cMLVZDEM3+U2I4VmLI6N8jQYUd2OVphdqWwCJHrFt2s=
github.com/opencontainers/image-spec v1.0.1 h1:JMemWkRwHx4Zj+fVxWoMCFm/8sYGGrUVojFA6h/TRcI=
github.com/opencontainers/image-spec v1.0.1/go.mod h1:BtxoFyWECRxE4U/7sNtV5W15zMzWCbyJoFRP3s7yZA0=
github.com/pelletier/go-toml v1.2.0/go.mod h1:5z9KED0ma1S8pY6P1sdut58dfprrGBbd/94hg7ilaic=
github.com/peterbourgon/diskv v2.0.1+incompatible h1:UBdAOUP5p4RWqPBg048CAvpKN+vxiaj6gdUUzhl4XmI=
github.com/peterbourgon/diskv v2.0.1+incompatible/go.mod h1:uqqh8zWWbv1HBMNONnaR/tNboyR3/BZd58JJSHlUSCU=
github.com/pkg/errors v0.8.1 h1:iURUrRGxPUNPdy5/HRSm+Yj6okJ6UtLINN0Q9M4+h3I=
github.com/pkg/errors v0.8.1/go.mod h1:bwawxfHBFNV+L2hUp1rHADufV3IMtnDRdf1r5NINEl0=
github.com/pmezard/go-difflib v1.0.0 h1:4DBwDE0NGyQoBHbLQYPwSUPoCMWR5BEzIk/f1lZbAQM=
github.com/pmezard/go-difflib v1.0.0/go.mod h1:iKH77koFhYxTK1pcRnkKkqfTogsbg7gZNVY4sRDYZ/4=
github.com/russross/blackfriday v1.5.2 h1:HyvC0ARfnZBqnXwABFeSZHpKvJHJJfPz81GNueLj0oo=
github.com/russross/blackfriday v1.5.2/go.mod h1:JO/DiYxRf+HjHt06OyowR9PTA263kcR/rfWxYHBV53g=
github.com/sirupsen/logrus v1.4.1/go.mod h1:ni0Sbl8bgC9z8RoU9G6nDWqqs/fq4eDPysMBDgk/93Q=
github.com/spf13/afero v1.1.2/go.mod h1:j4pytiNVoe2o6bmDsKpLACNPDBIoEAkihy7loJ1B0CQ=
github.com/spf13/cast v1.3.0/go.mod h1:Qx5cxh0v+4UWYiBimWS+eyWzqEqokIECu5etghLkUJE=
github.com/spf13/cobra v0.0.5 h1:f0B+LkLX6DtmRH1isoNA9VTtNUK9K8xYd28JNNfOv/s=
github.com/spf13/cobra v0.0.5/go.mod h1:3K3wKZymM7VvHMDS9+Akkh4K60UwM26emMESw8tLCHU=
github.com/spf13/jwalterweatherman v1.0.0/go.mod h1:cQK4TGJAtQXfYWX+Ddv3mKDzgVb68N+wFjFa4jdeBTo=
github.com/spf13/pflag v1.0.3/go.mod h1:DYY7MBk1bdzusC3SYhjObp+wFpr4gzcvqqNjLnInEg4=
github.com/spf13/pflag v1.0.5 h1:iy+VFUOCP1a+8yFto/drg2CJ5u0yRoB7fZw3DKv/JXA=
github.com/spf13/pflag v1.0.5/go.mod h1:McXfInJRrz4CZXVZOBLb0bTZqETkiAhM9Iw0y3An2Bg=
github.com/spf13/viper v1.3.2/go.mod h1:ZiWeW+zYFKm7srdB9IoDzzZXaJaI5eL9QjNiN/DMA2s=
github.com/stretchr/objx v0.1.0/go.mod h1:HFkY916IF+rwdDfMAkV7OtwuqBVzrE8GR6GFx+wExME=
github.com/stretchr/objx v0.1.1/go.mod h1:HFkY916IF+rwdDfMAkV7OtwuqBVzrE8GR6GFx+wExME=
github.com/stretchr/testify v1.2.2/go.mod h1:a8OnRcib4nhh0OaRAV+Yts87kKdq0PP7pXfy6kDkUVs=
github.com/stretchr/testify v1.4.0 h1:2E4SXV/wtOkTonXsotYi4li6zVWxYlZuYNCXe9XRJyk=
github.com/stretchr/testify v1.4.0/go.mod h1:j7eGeouHqKxXV5pUuKE4zz7dFj8WfuZ+81PSLYec5m4=
github.com/ugorji/go/codec v0.0.0-20181204163529-d75b2dcb6bc8/go.mod h1:VFNgLljTbGfSG7qAOspJ7OScBnGdDN/yBr0sguwnwf0=
github.com/xordataexchange/crypt v0.0.3-0.20170626215501-b2862e3d0a77/go.mod h1:aYKd//L2LvnjZzWKhF00oedf4jCCReLcmhLdhm1A27Q=
golang.org/x/crypto v0.0.0-20181203042331-505ab145d0a9/go.mod h1:6SG95UA2DQfeDnfUPMdvaQW0Q7yPrPDi9nlGo2tz2b4=
golang.org/x/crypto v0.0.0-20190308221718-c2843e01d9a2 h1:VklqNMn3ovrHsnt90PveolxSbWFaJdECFbxSq0Mqo2M=
golang.org/x/crypto v0.0.0-20190308221718-c2843e01d9a2/go.mod h1:djNgcEr1/C05ACkg1iLfiJU5Ep61QUkGW8qpdssI0+w=
golang.org/x/net v0.0.0-20180906233101-161cd47e91fd/go.mod h1:mL1N/T3taQHkDXs73rZJwtUhF3w3ftmwwsq0BUmARs4=
golang.org/x/net v0.0.0-20190311183353-d8887717615a h1:oWX7TPOiFAMXLq8o0ikBYfCJVlRHBcsciT5bXOrH628=
golang.org/x/net v0.0.0-20190311183353-d8887717615a/go.mod h1:t9HGtf8HONx5eT2rtn7q6eTqICYqUVnKs3thJo3Qplg=
golang.org/x/oauth2 v0.0.0-20180724155351-3d292e4d0cdc h1:3ElrZeO6IBP+M8kgu5YFwRo92Gqr+zBg3aooYQ6ziqU=
golang.org/x/oauth2 v0.0.0-20180724155351-3d292e4d0cdc/go.mod h1:N/0e6XlmueqKjAGxoOufVs8QHGRruUQn6yWY3a++T0U=
golang.org/x/sync v0.0.0-20180314180146-1d60e4601c6f h1:wMNYb4v58l5UBM7MYRLPG6ZhfOqbKu7X5eyFl8ZhKvA=
golang.org/x/sync v0.0.0-20180314180146-1d60e4601c6f/go.mod h1:RxMgew5VJxzue5/jJTE5uejpjVlOe/izrB70Jof72aM=
golang.org/x/sys v0.0.0-20180905080454-ebe1bf3edb33/go.mod h1:STP8DvDyc/dI5b8T5hshtkjS+E42TnysNCUPdjciGhY=
golang.org/x/sys v0.0.0-20180909124046-d0be0721c37e/go.mod h1:STP8DvDyc/dI5b8T5hshtkjS+E42TnysNCUPdjciGhY=
golang.org/x/sys v0.0.0-20181205085412-a5c9d58dba9a/go.mod h1:STP8DvDyc/dI5b8T5hshtkjS+E42TnysNCUPdjciGhY=
golang.org/x/sys v0.0.0-20190215142949-d0b11bdaac8a h1:1BGLXjeY4akVXGgbC9HugT3Jv3hCI0z56oJR5vAMgBU=
golang.org/x/sys v0.0.0-20190215142949-d0b11bdaac8a/go.mod h1:STP8DvDyc/dI5b8T5hshtkjS+E42TnysNCUPdjciGhY=
golang.org/x/sys v0.0.0-20190507160741-ecd444e8653b h1:ag/x1USPSsqHud38I9BAC88qdNLDHHtQ4mlgQIZPPNA=
golang.org/x/sys v0.0.0-20190507160741-ecd444e8653b/go.mod h1:h1NjWce9XRLGQEsW7wpKNCjG9DtNlClVuFLEZdDNbEs=
golang.org/x/text v0.3.0 h1:g61tztE5qeGQ89tm6NTjjM9VPIm088od1l6aSorWRWg=
golang.org/x/text v0.3.0/go.mod h1:NqM8EUOU14njkJ3fqMW+pc6Ldnwhi/IjpwHt7yyuwOQ=
golang.org/x/text v0.3.2 h1:tW2bmiBqwgJj/UpqtC8EpXEZVYOwU0yG4iWbprSVAcs=
golang.org/x/text v0.3.2/go.mod h1:bEr9sfX3Q8Zfm5fL9x+3itogRgK3+ptLWKqgva+5dAk=
golang.org/x/time v0.0.0-20180412165947-fbb02b2291d2 h1:+DCIGbF/swA92ohVg0//6X2IVY3KZs6p9mix0ziNYJM=
golang.org/x/time v0.0.0-20180412165947-fbb02b2291d2/go.mod h1:tRJNPiyCQ0inRvYxbN9jk5I+vvW/OXSQhTDSoE431IQ=
golang.org/x/tools v0.0.0-20180917221912-90fa682c2a6e/go.mod h1:n7NCudcB/nEzxVGmLbDWY5pfWTLqBcC2KZ6jyYvM4mQ=
google.golang.org/appengine v1.1.0 h1:igQkv0AAhEIvTEpD5LIpAfav2eeVO9HBTjvKHVJPRSs=
google.golang.org/appengine v1.1.0/go.mod h1:EbEs0AVv82hx2wNQdGPgUI5lhzA/G0D9YwlJXL52JkM=
gopkg.in/check.v1 v0.0.0-20161208181325-20d25e280405 h1:yhCVgyC4o1eVCa2tZl7eS0r+SDo693bJlVdllGtEeKM=
gopkg.in/check.v1 v0.0.0-20161208181325-20d25e280405/go.mod h1:Co6ibVJAznAaIkqp8huTwlJQCZ016jof/cbN4VW5Yz0=
gopkg.in/fsnotify.v1 v1.4.7 h1:xOHLXZwVvI9hhs+cLKq5+I5onOuwQLhQwiu63xxlHs4=
gopkg.in/fsnotify.v1 v1.4.7/go.mod h1:Tz8NjZHkW78fSQdbUxIjBTcgA1z1m8ZHf0WmKUhAMys=
gopkg.in/inf.v0 v0.9.1 h1:73M5CoZyi3ZLMOyDlQh031Cx6N9NDJ2Vvfl76EDAgDc=
gopkg.in/inf.v0 v0.9.1/go.mod h1:cWUDdTG/fYaXco+Dcufb5Vnc6Gp2YChqWtbxRZE0mXw=
gopkg.in/tomb.v1 v1.0.0-20141024135613-dd632973f1e7 h1:uRGJdciOHaEIrze2W8Q3AKkepLTh2hOroT7a+7czfdQ=
gopkg.in/tomb.v1 v1.0.0-20141024135613-dd632973f1e7/go.mod h1:dt/ZhP58zS4L8KSrWDmTeBkI65Dw0HsyUHuEVlX15mw=
gopkg.in/yaml.v2 v2.2.1 h1:mUhvW9EsL+naU5Q3cakzfE91YhliOondGd6ZrsDBHQE=
gopkg.in/yaml.v2 v2.2.1/go.mod h1:hI93XBmqTisBFMUTm0b8Fm+jr3Dg1NNxqwp+5A1VGuI=
gopkg.in/yaml.v2 v2.2.2 h1:ZCJp+EgiOT7lHqUV2J862kp8Qj64Jo6az82+3Td9dZw=
gopkg.in/yaml.v2 v2.2.2/go.mod h1:hI93XBmqTisBFMUTm0b8Fm+jr3Dg1NNxqwp+5A1VGuI=
gotest.tools v2.2.0+incompatible h1:VsBPFP1AI068pPrMxtb/S8Zkgf9xEmTLJjfM+P5UIEo=
gotest.tools v2.2.0+incompatible/go.mod h1:DsYFclhRJ6vuDpmuTbkuFWG+y2sxOXAzmJt81HFBacw=
k8s.io/api v0.0.0-20180904230853-4e7be11eab3f h1:DLRkv8Ps4Sdx8Srj+UtGisj4whV7v/HezlHx6QqiZqE=
k8s.io/api v0.0.0-20180904230853-4e7be11eab3f/go.mod h1:iuAfoD4hCxJ8Onx9kaTIt30j7jUFS00AXQi6QMi99vA=
k8s.io/apimachinery v0.0.0-20180904193909-def12e63c512 h1:/Z1m/6oEN6hE2SzWP4BHW2yATeUrBRr+1GxNf1Ny58Y=
k8s.io/apimachinery v0.0.0-20180904193909-def12e63c512/go.mod h1:ccL7Eh7zubPUSh9A3USN90/OzHNSVN6zxzde07TDCL0=
k8s.io/client-go v0.0.0-20180910083459-2cefa64ff137 h1:4DIWGqvAjLME47asVwjb14H+6bDRu+4h43Ssw6tMAHc=
k8s.io/client-go v0.0.0-20180910083459-2cefa64ff137/go.mod h1:7vJpHMYJwNQCWgzmNV+VYUl1zCObLyodBc8nIyt8L5s=
k8s.io/kube-openapi v0.0.0-20180731170545-e3762e86a74c h1:3KSCztE7gPitlZmWbNwue/2U0YruD65DqX3INopDAQM=
k8s.io/kube-openapi v0.0.0-20180731170545-e3762e86a74c/go.mod h1:BXM9ceUBTj2QnfH2MK1odQs778ajze1RxcmP6S8RVVc=
k8s.io/kubernetes v1.11.10 h1:wCo67+wmguioiYv0ipIiTaXbVPfFBBjOTgIngeGGG+A=
k8s.io/kubernetes v1.11.10/go.mod h1:ocZa8+6APFNC2tX1DZASIbocyYT5jHzqFVsY5aoB7Jk=
